
Microsoft Visual Studio Solution File, Format Version 12.00
# Visual Studio Version 17
VisualStudioVersion = 17.3.32901.215
MinimumVisualStudioVersion = 10.0.40219.1
Project("{FAE04EC0-301F-11D3-BF4B-00C04F79EFBC}") = "KolekcijeAplikacijaZaUnosIObraduPodataka", "KolekcijeAplikacijaZaUnosIObraduPodataka\KolekcijeAplikacijaZaUnosIObraduPodataka.csproj", "{B25790AC-044F-4339-8F6D-9F91E2C5235D}"
EndProject
Global
	GlobalSection(SolutionConfigurationPlatforms) = preSolution
		Debug|Any CPU = Debug|Any CPU
		Release|Any CPU = Release|Any CPU
	EndGlobalSection
	GlobalSection(ProjectConfigurationPlatforms) = postSolution
		{B25790AC-044F-4339-8F6D-9F91E2C5235D}.Debug|Any CPU.ActiveCfg = Debug|Any CPU
		{B25790AC-044F-4339-8F6D-9F91E2C5235D}.Debug|Any CPU.Build.0 = Debug|Any CPU
		{B25790AC-044F-4339-8F6D-9F91E2C5235D}.Release|Any CPU.ActiveCfg = Release|Any CPU
		{B25790AC-044F-4339-8F6D-9F91E2C5235D}.Release|Any CPU.Build.0 = Release|Any CPU
	EndGlobalSection
	GlobalSection(SolutionProperties) = preSolution
		HideSolutionNode = FALSE
	EndGlobalSection
	GlobalSection(ExtensibilityGlobals) = postSolution
		SolutionGuid = {FE87D903-541F-4F26-A7C6-C9BCE9FB1B06}
	EndGlobalSection
EndGlobal
